PODS:
  - Alamofire (5.10.1)
  - Closures (0.7)
  - CryptoSwift (1.8.3)
  - KeychainAccess (4.2.2)
  - Kingfisher (8.1.0)
  - MJRefresh (3.7.9)
  - RxCocoa (6.8.0):
    - RxRelay (= 6.8.0)
    - RxSwift (= 6.8.0)
  - RxRelay (6.8.0):
    - RxSwift (= 6.8.0)
  - RxSwift (6.8.0)
  - SDWebImage (5.20.0):
    - SDWebImage/Core (= 5.20.0)
  - SDWebImage/Core (5.20.0)
  - SnapKit (5.7.1)
  - SwiftyRSA (1.7.0):
    - SwiftyRSA/ObjC (= 1.7.0)
  - SwiftyRSA/ObjC (1.7.0)
  - YYText (1.0.7)

DEPENDENCIES:
  - Alamofire
  - Closures
  - CryptoSwift
  - KeychainAccess
  - Kingfisher
  - MJRefresh
  - RxCocoa
  - RxSwift
  - SDWebImage
  - SnapKit
  - SwiftyRSA
  - YYText

SPEC REPOS:
  trunk:
    - Alamofire
    - Closures
    - CryptoSwift
    - KeychainAccess
    - Kingfisher
    - MJRefresh
    - RxCocoa
    - RxRelay
    - RxSwift
    - SDWebImage
    - SnapKit
    - SwiftyRSA
    - YYText

SPEC CHECKSUMS:
  Alamofire: 840d2a1ad82355b536ec6ba5f97e5bfa54600ca3
  Closures: a83b9892a5b1c4125a9dfcd53e2754db5d7f6d22
  CryptoSwift: 967f37cea5a3294d9cce358f78861652155be483
  KeychainAccess: c0c4f7f38f6fc7bbe58f5702e25f7bd2f65abf51
  Kingfisher: dfbf20b6249ed4ef6f18d6a96c847bce860bdb95
  MJRefresh: ff9e531227924c84ce459338414550a05d2aea78
  RxCocoa: 2d33c1e1e5d66492052ad46b11024ae287572880
  RxRelay: 335c78b926a2aea8d863a6d25f1ed3b5ad8e8705
  RxSwift: 4e28be97cbcfeee614af26d83415febbf2bf6f45
  SDWebImage: 73c6079366fea25fa4bb9640d5fb58f0893facd8
  SnapKit: d612e99e678a2d3b95bf60b0705ed0a35c03484a
  SwiftyRSA: 8c6dd1ea7db1b8dc4fb517a202f88bb1354bc2c6
  YYText: 5c461d709e24d55a182d1441c41dc639a18a4849

PODFILE CHECKSUM: 0c12bdeb1fac698bc722285d2bf6f02078d46eca

COCOAPODS: 1.16.2
